
Microsoft Visual Studio Solution File, Format Version 12.00
# Visual Studio Version 17
VisualStudioVersion = 17.8.34330.188
MinimumVisualStudioVersion = 10.0.40219.1
Project("{8BC9CEB8-8B4A-11D0-8D11-00A0C91BC942}") = "WatchPrinter", "WatchPrinter.vcxproj", "{399FC7F0-D9D1-4FBD-877C-0D482CB8F5D2}"
EndProject
Project("{8BC9CEB8-8B4A-11D0-8D11-00A0C91BC942}") = "WatchPrinter2", "WatchPrinter2\WatchPrinter2.vcxproj", "{D403C62B-F0F3-4BC9-BF87-79C03BB5E6F3}"
EndProject
Project("{8BC9CEB8-8B4A-11D0-8D11-00A0C91BC942}") = "WatchPrinter3", "WatchPrinter3\WatchPrinter3.vcxproj", "{D3FFCBC4-3DD5-434B-886C-09A476113AEC}"
EndProject
Global
	GlobalSection(SolutionConfigurationPlatforms) = preSolution
		Debug|x64 = Debug|x64
		Debug|x86 = Debug|x86
		Release|x64 = Release|x64
		Release|x86 = Release|x86
	EndGlobalSection
	GlobalSection(ProjectConfigurationPlatforms) = postSolution
		{399FC7F0-D9D1-4FBD-877C-0D482CB8F5D2}.Debug|x64.ActiveCfg = Debug|x64
		{399FC7F0-D9D1-4FBD-877C-0D482CB8F5D2}.Debug|x64.Build.0 = Debug|x64
		{399FC7F0-D9D1-4FBD-877C-0D482CB8F5D2}.Debug|x86.ActiveCfg = Debug|Win32
		{399FC7F0-D9D1-4FBD-877C-0D482CB8F5D2}.Debug|x86.Build.0 = Debug|Win32
		{399FC7F0-D9D1-4FBD-877C-0D482CB8F5D2}.Release|x64.ActiveCfg = Release|x64
		{399FC7F0-D9D1-4FBD-877C-0D482CB8F5D2}.Release|x64.Build.0 = Release|x64
		{399FC7F0-D9D1-4FBD-877C-0D482CB8F5D2}.Release|x86.ActiveCfg = Release|Win32
		{399FC7F0-D9D1-4FBD-877C-0D482CB8F5D2}.Release|x86.Build.0 = Release|Win32
		{D403C62B-F0F3-4BC9-BF87-79C03BB5E6F3}.Debug|x64.ActiveCfg = Debug|x64
		{D403C62B-F0F3-4BC9-BF87-79C03BB5E6F3}.Debug|x64.Build.0 = Debug|x64
		{D403C62B-F0F3-4BC9-BF87-79C03BB5E6F3}.Debug|x86.ActiveCfg = Debug|Win32
		{D403C62B-F0F3-4BC9-BF87-79C03BB5E6F3}.Debug|x86.Build.0 = Debug|Win32
		{D403C62B-F0F3-4BC9-BF87-79C03BB5E6F3}.Release|x64.ActiveCfg = Release|x64
		{D403C62B-F0F3-4BC9-BF87-79C03BB5E6F3}.Release|x64.Build.0 = Release|x64
		{D403C62B-F0F3-4BC9-BF87-79C03BB5E6F3}.Release|x86.ActiveCfg = Release|Win32
		{D403C62B-F0F3-4BC9-BF87-79C03BB5E6F3}.Release|x86.Build.0 = Release|Win32
		{D3FFCBC4-3DD5-434B-886C-09A476113AEC}.Debug|x64.ActiveCfg = Debug|x64
		{D3FFCBC4-3DD5-434B-886C-09A476113AEC}.Debug|x64.Build.0 = Debug|x64
		{D3FFCBC4-3DD5-434B-886C-09A476113AEC}.Debug|x86.ActiveCfg = Debug|Win32
		{D3FFCBC4-3DD5-434B-886C-09A476113AEC}.Debug|x86.Build.0 = Debug|Win32
		{D3FFCBC4-3DD5-434B-886C-09A476113AEC}.Release|x64.ActiveCfg = Release|x64
		{D3FFCBC4-3DD5-434B-886C-09A476113AEC}.Release|x64.Build.0 = Release|x64
		{D3FFCBC4-3DD5-434B-886C-09A476113AEC}.Release|x86.ActiveCfg = Release|Win32
		{D3FFCBC4-3DD5-434B-886C-09A476113AEC}.Release|x86.Build.0 = Release|Win32
	EndGlobalSection
	GlobalSection(SolutionProperties) = preSolution
		HideSolutionNode = FALSE
	EndGlobalSection
	GlobalSection(ExtensibilityGlobals) = postSolution
		SolutionGuid = {70D1020F-3381-4FEA-B129-629C879642F6}
	EndGlobalSection
EndGlobal
